PODS:
  - SwiftGen (6.0.2)
  - SwiftLint (0.29.0)

DEPENDENCIES:
  - SwiftGen
  - SwiftLint

SPEC REPOS:
  https://github.com/cocoapods/specs.git:
    - SwiftGen
    - SwiftLint

SPEC CHECKSUMS:
  SwiftGen: e5b047067aa84082826a0c4f1c4c2ddc95bcf74c
  SwiftLint: d4e7443d93e2bbe868dc302e6c7ac30b469d6a14

PODFILE CHECKSUM: b7afad5485e6a84e531d8f09d71f2b85acfe1f08

COCOAPODS: 1.5.3
